
Microsoft Visual Studio Solution File, Format Version 12.00
# Visual Studio 15
VisualStudioVersion = 15.0.28307.136
MinimumVisualStudioVersion = 10.0.40219.1
Project("{FAE04EC0-301F-11D3-BF4B-00C04F79EFBC}") = "MiniSim.Core", "MiniSim.Core\MiniSim.Core.csproj", "{15BCB926-4B07-4502-BCF8-4071D096966D}"
EndProject
Project("{2150E333-8FDC-42A3-9474-1A3956D46DE8}") = "Libraries", "Libraries", "{400A7FBB-AECD-48D2-B46D-86B83F515D74}"
EndProject
Project("{2150E333-8FDC-42A3-9474-1A3956D46DE8}") = "Executables", "Executables", "{AF61FEBD-DB15-48EA-BB99-B9B2D87F6470}"
EndProject
Project("{2150E333-8FDC-42A3-9474-1A3956D46DE8}") = "Tests", "Tests", "{3AD7055D-7FD0-4973-9EF7-92BB249A0BC5}"
EndProject
Project("{FAE04EC0-301F-11D3-BF4B-00C04F79EFBC}") = "MiniSim.Core.Tests", "MiniSim.Core.Tests\MiniSim.Core.Tests.csproj", "{DAFE92A4-B72F-4CB2-AD44-33D05AFF6CAA}"
EndProject
Global
	GlobalSection(SolutionConfigurationPlatforms) = preSolution
		Debug|Any CPU = Debug|Any CPU
		Release|Any CPU = Release|Any CPU
	EndGlobalSection
	GlobalSection(ProjectConfigurationPlatforms) = postSolution
		{15BCB926-4B07-4502-BCF8-4071D096966D}.Debug|Any CPU.ActiveCfg = Debug|Any CPU
		{15BCB926-4B07-4502-BCF8-4071D096966D}.Debug|Any CPU.Build.0 = Debug|Any CPU
		{15BCB926-4B07-4502-BCF8-4071D096966D}.Release|Any CPU.ActiveCfg = Release|Any CPU
		{15BCB926-4B07-4502-BCF8-4071D096966D}.Release|Any CPU.Build.0 = Release|Any CPU
		{DAFE92A4-B72F-4CB2-AD44-33D05AFF6CAA}.Debug|Any CPU.ActiveCfg = Debug|Any CPU
		{DAFE92A4-B72F-4CB2-AD44-33D05AFF6CAA}.Debug|Any CPU.Build.0 = Debug|Any CPU
		{DAFE92A4-B72F-4CB2-AD44-33D05AFF6CAA}.Release|Any CPU.ActiveCfg = Release|Any CPU
		{DAFE92A4-B72F-4CB2-AD44-33D05AFF6CAA}.Release|Any CPU.Build.0 = Release|Any CPU
	EndGlobalSection
	GlobalSection(SolutionProperties) = preSolution
		HideSolutionNode = FALSE
	EndGlobalSection
	GlobalSection(NestedProjects) = preSolution
		{15BCB926-4B07-4502-BCF8-4071D096966D} = {400A7FBB-AECD-48D2-B46D-86B83F515D74}
		{DAFE92A4-B72F-4CB2-AD44-33D05AFF6CAA} = {3AD7055D-7FD0-4973-9EF7-92BB249A0BC5}
	EndGlobalSection
	GlobalSection(ExtensibilityGlobals) = postSolution
		SolutionGuid = {D6F657BA-3F3C-4829-880F-53642A1D0163}
	EndGlobalSection
	GlobalSection(Performance) = preSolution
		HasPerformanceSessions = true
	EndGlobalSection
EndGlobal
